// !$*UTF8*$!
{
	archiveVersion = 1;
	classes = {
	};
	objectVersion = 46;
	objects = {

/* Begin PBXBuildFile section */
		9E16E4891A92ECB20057A025 /* CompanyViewController.swift in Sources */ = {isa = PBXBuildFile; fileRef = 9E16E4881A92ECB20057A025 /* CompanyViewController.swift */; };
		9E16E48B1A92EDEA0057A025 /* NavigationViewController.swift in Sources */ = {isa = PBXBuildFile; fileRef = 9E16E48A1A92EDEA0057A025 /* NavigationViewController.swift */; };
		9EE19F841A92E0EC008F7A18 /* AppDelegate.swift in Sources */ = {isa = PBXBuildFile; fileRef = 9EE19F831A92E0EC008F7A18 /* AppDelegate.swift */; };
		9EE19F871A92E0EC008F7A18 /* BehindTheSite.xcdatamodeld in Sources */ = {isa = PBXBuildFile; fileRef = 9EE19F851A92E0EC008F7A18 /* BehindTheSite.xcdatamodeld */; };
		9EE19F8C1A92E0EC008F7A18 /* Main.storyboard in Resources */ = {isa = PBXBuildFile; fileRef = 9EE19F8A1A92E0EC008F7A18 /* Main.storyboard */; };
		9EE19F8E1A92E0EC008F7A18 /* Images.xcassets in Resources */ = {isa = PBXBuildFile; fileRef = 9EE19F8D1A92E0EC008F7A18 /* Images.xcassets */; };
		9EE19F9D1A92E0EC008F7A18 /* BehindTheSiteTests.swift in Sources */ = {isa = PBXBuildFile; fileRef = 9EE19F9C1A92E0EC008F7A18 /* BehindTheSiteTests.swift */; };
/* End PBXBuildFile section */

/* Begin PBXContainerItemProxy section */
		9EE19F971A92E0EC008F7A18 /* PBXContainerItemProxy */ = {
			isa = PBXContainerItemProxy;
			containerPortal = 9EE19F761A92E0EC008F7A18 /* Project object */;
			proxyType = 1;
			remoteGlobalIDString = 9EE19F7D1A92E0EC008F7A18;
			remoteInfo = BehindTheSite;
		};
/* End PBXContainerItemProxy section */

/* Begin PBXFileReference section */
		9E16E4881A92ECB20057A025 /* CompanyViewController.swift */ = {isa = PBXFileReference; fileEncoding = 4; lastKnownFileType = sourcecode.swift; path = CompanyViewController.swift; sourceTree = "<group>"; };
		9E16E48A1A92EDEA0057A025 /* NavigationViewController.swift */ = {isa = PBXFileReference; fileEncoding = 4; lastKnownFileType = sourcecode.swift; path = NavigationViewController.swift; sourceTree = "<group>"; };
		9EE19F7E1A92E0EC008F7A18 /* BehindTheSite.app */ = {isa = PBXFileReference; explicitFileType = wrapper.application; includeInIndex = 0; path = BehindTheSite.app; sourceTree = BUILT_PRODUCTS_DIR; };
		9EE19F821A92E0EC008F7A18 /* Info.plist */ = {isa = PBXFileReference; lastKnownFileType = text.plist.xml; path = Info.plist; sourceTree = "<group>"; };
		9EE19F831A92E0EC008F7A18 /* AppDelegate.swift */ = {isa = PBXFileReference; lastKnownFileType = sourcecode.swift; path = AppDelegate.swift; sourceTree = "<group>"; };
		9EE19F861A92E0EC008F7A18 /* BehindTheSite.xcdatamodel */ = {isa = PBXFileReference; lastKnownFileType = wrapper.xcdatamodel; path = BehindTheSite.xcdatamodel; sourceTree = "<group>"; };
		9EE19F8B1A92E0EC008F7A18 /* Base */ = {isa = PBXFileReference; lastKnownFileType = file.storyboard; name = Base; path = Base.lproj/Main.storyboard; sourceTree = "<group>"; };
		9EE19F8D1A92E0EC008F7A18 /* Images.xcassets */ = {isa = PBXFileReference; lastKnownFileType = folder.assetcatalog; path = Images.xcassets; sourceTree = "<group>"; };
		9EE19F961A92E0EC008F7A18 /* BehindTheSiteTests.xctest */ = {isa = PBXFileReference; explicitFileType = wrapper.cfbundle; includeInIndex = 0; path = BehindTheSiteTests.xctest; sourceTree = BUILT_PRODUCTS_DIR; };
		9EE19F9B1A92E0EC008F7A18 /* Info.plist */ = {isa = PBXFileReference; lastKnownFileType = text.plist.xml; path = Info.plist; sourceTree = "<group>"; };
		9EE19F9C1A92E0EC008F7A18 /* BehindTheSiteTests.swift */ = {isa = PBXFileReference; lastKnownFileType = sourcecode.swift; path = BehindTheSiteTests.swift; sourceTree = "<group>"; };
/* End PBXFileReference section */

/* Begin PBXFrameworksBuildPhase section */
		9EE19F7B1A92E0EC008F7A18 /* Frameworks */ = {
			isa = PBXFrameworksBuildPhase;
			buildActionMask = 2147483647;
			files = (
			);
			runOnlyForDeploymentPostprocessing = 0;
		};
		9EE19F931A92E0EC008F7A18 /* Frameworks */ = {
			isa = PBXFrameworksBuildPhase;
			buildActionMask = 2147483647;
			files = (
			);
			runOnlyForDeploymentPostprocessing = 0;
		};
/* End PBXFrameworksBuildPhase section */

/* Begin PBXGroup section */
		9EE19F751A92E0EC008F7A18 = {
			isa = PBXGroup;
			children = (
				9EE19F801A92E0EC008F7A18 /* BehindTheSite */,
				9EE19F991A92E0EC008F7A18 /* BehindTheSiteTests */,
				9EE19F7F1A92E0EC008F7A18 /* Products */,
			);
			sourceTree = "<group>";
		};
		9EE19F7F1A92E0EC008F7A18 /* Products */ = {
			isa = PBXGroup;
			children = (
				9EE19F7E1A92E0EC008F7A18 /* BehindTheSite.app */,
				9EE19F961A92E0EC008F7A18 /* BehindTheSiteTests.xctest */,
			);
			name = Products;
			sourceTree = "<group>";
		};
		9EE19F801A92E0EC008F7A18 /* BehindTheSite */ = {
			isa = PBXGroup;
			children = (
				9EE19F831A92E0EC008F7A18 /* AppDelegate.swift */,
				9EE19F8A1A92E0EC008F7A18 /* Main.storyboard */,
				9EE19F8D1A92E0EC008F7A18 /* Images.xcassets */,
				9EE19F851A92E0EC008F7A18 /* BehindTheSite.xcdatamodeld */,
				9EE19F811A92E0EC008F7A18 /* Supporting Files */,
				9E16E4881A92ECB20057A025 /* CompanyViewController.swift */,
				9E16E48A1A92EDEA0057A025 /* NavigationViewController.swift */,
			);
			path = BehindTheSite;
			sourceTree = "<group>";
		};
		9EE19F811A92E0EC008F7A18 /* Supporting Files */ = {
			isa = PBXGroup;
			children = (
				9EE19F821A92E0EC008F7A18 /* Info.plist */,
			);
			name = "Supporting Files";
			sourceTree = "<group>";
		};
		9EE19F991A92E0EC008F7A18 /* BehindTheSiteTests */ = {
			isa = PBXGroup;
			children = (
				9EE19F9C1A92E0EC008F7A18 /* BehindTheSiteTests.swift */,
				9EE19F9A1A92E0EC008F7A18 /* Supporting Files */,
			);
			path = BehindTheSiteTests;
			sourceTree = "<group>";
		};
		9EE19F9A1A92E0EC008F7A18 /* Supporting Files */ = {
			isa = PBXGroup;
			children = (
				9EE19F9B1A92E0EC008F7A18 /* Info.plist */,
			);
			name = "Supporting Files";
			sourceTree = "<group>";
		};
/* End PBXGroup section */

/* Begin PBXNativeTarget section */
		9EE19F7D1A92E0EC008F7A18 /* BehindTheSite */ = {
			isa = PBXNativeTarget;
			buildConfigurationList = 9EE19FA01A92E0EC008F7A18 /* Build configuration list for PBXNativeTarget "BehindTheSite" */;
			buildPhases = (
				9EE19F7A1A92E0EC008F7A18 /* Sources */,
				9EE19F7B1A92E0EC008F7A18 /* Frameworks */,
				9EE19F7C1A92E0EC008F7A18 /* Resources */,
			);
			buildRules = (
			);
			dependencies = (
			);
			name = BehindTheSite;
			productName = BehindTheSite;
			productReference = 9EE19F7E1A92E0EC008F7A18 /* BehindTheSite.app */;
			productType = "com.apple.product-type.application";
		};
		9EE19F951A92E0EC008F7A18 /* BehindTheSiteTests */ = {
			isa = PBXNativeTarget;
			buildConfigurationList = 9EE19FA31A92E0EC008F7A18 /* Build configuration list for PBXNativeTarget "BehindTheSiteTests" */;
			buildPhases = (
				9EE19F921A92E0EC008F7A18 /* Sources */,
				9EE19F931A92E0EC008F7A18 /* Frameworks */,
				9EE19F941A92E0EC008F7A18 /* Resources */,
			);
			buildRules = (
			);
			dependencies = (
				9EE19F981A92E0EC008F7A18 /* PBXTargetDependency */,
			);
			name = BehindTheSiteTests;
			productName = BehindTheSiteTests;
			productReference = 9EE19F961A92E0EC008F7A18 /* BehindTheSiteTests.xctest */;
			productType = "com.apple.product-type.bundle.unit-test";
		};
/* End PBXNativeTarget section */

/* Begin PBXProject section */
		9EE19F761A92E0EC008F7A18 /* Project object */ = {
			isa = PBXProject;
			attributes = {
				LastUpgradeCheck = 0610;
				ORGANIZATIONNAME = "Nik Khilnani";
				TargetAttributes = {
					9EE19F7D1A92E0EC008F7A18 = {
						CreatedOnToolsVersion = 6.1.1;
					};
					9EE19F951A92E0EC008F7A18 = {
						CreatedOnToolsVersion = 6.1.1;
						TestTargetID = 9EE19F7D1A92E0EC008F7A18;
					};
				};
			};
			buildConfigurationList = 9EE19F791A92E0EC008F7A18 /* Build configuration list for PBXProject "BehindTheSite" */;
			compatibilityVersion = "Xcode 3.2";
			developmentRegion = English;
			hasScannedForEncodings = 0;
			knownRegions = (
				en,
				Base,
			);
			mainGroup = 9EE19F751A92E0EC008F7A18;
			productRefGroup = 9EE19F7F1A92E0EC008F7A18 /* Products */;
			projectDirPath = "";
			projectRoot = "";
			targets = (
				9EE19F7D1A92E0EC008F7A18 /* BehindTheSite */,
				9EE19F951A92E0EC008F7A18 /* BehindTheSiteTests */,
			);
		};
/* End PBXProject section */

/* Begin PBXResourcesBuildPhase section */
		9EE19F7C1A92E0EC008F7A18 /* Resources */ = {
			isa = PBXResourcesBuildPhase;
			buildActionMask = 2147483647;
			files = (
				9EE19F8C1A92E0EC008F7A18 /* Main.storyboard in Resources */,
				9EE19F8E1A92E0EC008F7A18 /* Images.xcassets in Resources */,
			);
			runOnlyForDeploymentPostprocessing = 0;
		};
		9EE19F941A92E0EC008F7A18 /* Resources */ = {
			isa = PBXResourcesBuildPhase;
			buildActionMask = 2147483647;
			files = (
			);
			runOnlyForDeploymentPostprocessing = 0;
		};
/* End PBXResourcesBuildPhase section */

/* Begin PBXSourcesBuildPhase section */
		9EE19F7A1A92E0EC008F7A18 /* Sources */ = {
			isa = PBXSourcesBuildPhase;
			buildActionMask = 2147483647;
			files = (
				9E16E48B1A92EDEA0057A025 /* NavigationViewController.swift in Sources */,
				9E16E4891A92ECB20057A025 /* CompanyViewController.swift in Sources */,
				9EE19F871A92E0EC008F7A18 /* BehindTheSite.xcdatamodeld in Sources */,
				9EE19F841A92E0EC008F7A18 /* AppDelegate.swift in Sources */,
			);
			runOnlyForDeploymentPostprocessing = 0;
		};
		9EE19F921A92E0EC008F7A18 /* Sources */ = {
			isa = PBXSourcesBuildPhase;
			buildActionMask = 2147483647;
			files = (
				9EE19F9D1A92E0EC008F7A18 /* BehindTheSiteTests.swift in Sources */,
			);
			runOnlyForDeploymentPostprocessing = 0;
		};
/* End PBXSourcesBuildPhase section */

/* Begin PBXTargetDependency section */
		9EE19F981A92E0EC008F7A18 /* PBXTargetDependency */ = {
			isa = PBXTargetDependency;
			target = 9EE19F7D1A92E0EC008F7A18 /* BehindTheSite */;
			targetProxy = 9EE19F971A92E0EC008F7A18 /* PBXContainerItemProxy */;
		};
/* End PBXTargetDependency section */

/* Begin PBXVariantGroup section */
		9EE19F8A1A92E0EC008F7A18 /* Main.storyboard */ = {
			isa = PBXVariantGroup;
			children = (
				9EE19F8B1A92E0EC008F7A18 /* Base */,
			);
			name = Main.storyboard;
			sourceTree = "<group>";
		};
/* End PBXVariantGroup section */

/* Begin XCBuildConfiguration section */
		9EE19F9E1A92E0EC008F7A18 /* Debug */ = {
			isa = XCBuildConfiguration;
			buildSettings = {
				ALWAYS_SEARCH_USER_PATHS = NO;
				CLANG_CXX_LANGUAGE_STANDARD = "gnu++0x";
				CLANG_CXX_LIBRARY = "libc++";
				CLANG_ENABLE_MODULES = YES;
				CLANG_ENABLE_OBJC_ARC = YES;
				CLANG_WARN_BOOL_CONVERSION = YES;
				CLANG_WARN_CONSTANT_CONVERSION = YES;
				CLANG_WARN_DIRECT_OBJC_ISA_USAGE = YES_ERROR;
				CLANG_WARN_EMPTY_BODY = YES;
				CLANG_WARN_ENUM_CONVERSION = YES;
				CLANG_WARN_INT_CONVERSION = YES;
				CLANG_WARN_OBJC_ROOT_CLASS = YES_ERROR;
				CLANG_WARN_UNREACHABLE_CODE = YES;
				CLANG_WARN__DUPLICATE_METHOD_MATCH = YES;
				"CODE_SIGN_IDENTITY[sdk=iphoneos*]" = "iPhone Developer";
				COPY_PHASE_STRIP = NO;
				ENABLE_STRICT_OBJC_MSGSEND = YES;
				GCC_C_LANGUAGE_STANDARD = gnu99;
				GCC_DYNAMIC_NO_PIC = NO;
				GCC_OPTIMIZATION_LEVEL = 0;
				GCC_PREPROCESSOR_DEFINITIONS = (
					"DEBUG=1",
					"$(inherited)",
				);
				GCC_SYMBOLS_PRIVATE_EXTERN = NO;
				GCC_WARN_64_TO_32_BIT_CONVERSION = YES;
				GCC_WARN_ABOUT_RETURN_TYPE = YES_ERROR;
				GCC_WARN_UNDECLARED_SELECTOR = YES;
				GCC_WARN_UNINITIALIZED_AUTOS = YES_AGGRESSIVE;
				GCC_WARN_UNUSED_FUNCTION = YES;
				GCC_WARN_UNUSED_VARIABLE = YES;
				IPHONEOS_DEPLOYMENT_TARGET = 8.1;
				MTL_ENABLE_DEBUG_INFO = YES;
				ONLY_ACTIVE_ARCH = YES;
				SDKROOT = iphoneos;
				SWIFT_OPTIMIZATION_LEVEL = "-Onone";
				TARGETED_DEVICE_FAMILY = "1,2";
			};
			name = Debug;
		};
		9EE19F9F1A92E0EC008F7A18 /* Release */ = {
			isa = XCBuildConfiguration;
			buildSettings = {
				ALWAYS_SEARCH_USER_PATHS = NO;
				CLANG_CXX_LANGUAGE_STANDARD = "gnu++0x";
				CLANG_CXX_LIBRARY = "libc++";
				CLANG_ENABLE_MODULES = YES;
				CLANG_ENABLE_OBJC_ARC = YES;
				CLANG_WARN_BOOL_CONVERSION = YES;
				CLANG_WARN_CONSTANT_CONVERSION = YES;
				CLANG_WARN_DIRECT_OBJC_ISA_USAGE = YES_ERROR;
				CLANG_WARN_EMPTY_BODY = YES;
				CLANG_WARN_ENUM_CONVERSION = YES;
				CLANG_WARN_INT_CONVERSION = YES;
				CLANG_WARN_OBJC_ROOT_CLASS = YES_ERROR;
				CLANG_WARN_UNREACHABLE_CODE = YES;
				CLANG_WARN__DUPLICATE_METHOD_MATCH = YES;
				"CODE_SIGN_IDENTITY[sdk=iphoneos*]" = "iPhone Developer";
				COPY_PHASE_STRIP = YES;
				ENABLE_NS_ASSERTIONS = NO;
				ENABLE_STRICT_OBJC_MSGSEND = YES;
				GCC_C_LANGUAGE_STANDARD = gnu99;
				GCC_WARN_64_TO_32_BIT_CONVERSION = YES;
				GCC_WARN_ABOUT_RETURN_TYPE = YES_ERROR;
				GCC_WARN_UNDECLARED_SELECTOR = YES;
				GCC_WARN_UNINITIALIZED_AUTOS = YES_AGGRESSIVE;
				GCC_WARN_UNUSED_FUNCTION = YES;
				GCC_WARN_UNUSED_VARIABLE = YES;
				IPHONEOS_DEPLOYMENT_TARGET = 8.1;
				MTL_ENABLE_DEBUG_INFO = NO;
				SDKROOT = iphoneos;
				TARGETED_DEVICE_FAMILY = "1,2";
				VALIDATE_PRODUCT = YES;
			};
			name = Release;
		};
		9EE19FA11A92E0EC008F7A18 /* Debug */ = {
			isa = XCBuildConfiguration;
			buildSettings = {
				ASSETCATALOG_COMPILER_APPICON_NAME = AppIcon;
				INFOPLIST_FILE = BehindTheSite/Info.plist;
				LD_RUNPATH_SEARCH_PATHS = "$(inherited) @executable_path/Frameworks";
				PRODUCT_NAME = "$(TARGET_NAME)";
			};
			name = Debug;
		};
		9EE19FA21A92E0EC008F7A18 /* Release */ = {
			isa = XCBuildConfiguration;
			buildSettings = {
				ASSETCATALOG_COMPILER_APPICON_NAME = AppIcon;
				INFOPLIST_FILE = BehindTheSite/Info.plist;
				LD_RUNPATH_SEARCH_PATHS = "$(inherited) @executable_path/Frameworks";
				PRODUCT_NAME = "$(TARGET_NAME)";
			};
			name = Release;
		};
		9EE19FA41A92E0EC008F7A18 /* Debug */ = {
			isa = XCBuildConfiguration;
			buildSettings = {
				BUNDLE_LOADER = "$(TEST_HOST)";
				FRAMEWORK_SEARCH_PATHS = (
					"$(SDKROOT)/Developer/Library/Frameworks",
					"$(inherited)",
				);
				GCC_PREPROCESSOR_DEFINITIONS = (
					"DEBUG=1",
					"$(inherited)",
				);
				INFOPLIST_FILE = BehindTheSiteTests/Info.plist;
				LD_RUNPATH_SEARCH_PATHS = "$(inherited) @executable_path/Frameworks @loader_path/Frameworks";
				PRODUCT_NAME = "$(TARGET_NAME)";
				TEST_HOST = "$(BUILT_PRODUCTS_DIR)/BehindTheSite.app/BehindTheSite";
			};
			name = Debug;
		};
		9EE19FA51A92E0EC008F7A18 /* Release */ = {
			isa = XCBuildConfiguration;
			buildSettings = {
				BUNDLE_LOADER = "$(TEST_HOST)";
				FRAMEWORK_SEARCH_PATHS = (
					"$(SDKROOT)/Developer/Library/Frameworks",
					"$(inherited)",
				);
				INFOPLIST_FILE = BehindTheSiteTests/Info.plist;
				LD_RUNPATH_SEARCH_PATHS = "$(inherited) @executable_path/Frameworks @loader_path/Frameworks";
				PRODUCT_NAME = "$(TARGET_NAME)";
				TEST_HOST = "$(BUILT_PRODUCTS_DIR)/BehindTheSite.app/BehindTheSite";
			};
			name = Release;
		};
/* End XCBuildConfiguration section */

/* Begin XCConfigurationList section */
		9EE19F791A92E0EC008F7A18 /* Build configuration list for PBXProject "BehindTheSite" */ = {
			isa = XCConfigurationList;
			buildConfigurations = (
				9EE19F9E1A92E0EC008F7A18 /* Debug */,
				9EE19F9F1A92E0EC008F7A18 /* Release */,
			);
			defaultConfigurationIsVisible = 0;
			defaultConfigurationName = Release;
		};
		9EE19FA01A92E0EC008F7A18 /* Build configuration list for PBXNativeTarget "BehindTheSite" */ = {
			isa = XCConfigurationList;
			buildConfigurations = (
				9EE19FA11A92E0EC008F7A18 /* Debug */,
				9EE19FA21A92E0EC008F7A18 /* Release */,
			);
			defaultConfigurationIsVisible = 0;
			defaultConfigurationName = Release;
		};
		9EE19FA31A92E0EC008F7A18 /* Build configuration list for PBXNativeTarget "BehindTheSiteTests" */ = {
			isa = XCConfigurationList;
			buildConfigurations = (
				9EE19FA41A92E0EC008F7A18 /* Debug */,
				9EE19FA51A92E0EC008F7A18 /* Release */,
			);
			defaultConfigurationIsVisible = 0;
			defaultConfigurationName = Release;
		};
/* End XCConfigurationList section */

/* Begin XCVersionGroup section */
		9EE19F851A92E0EC008F7A18 /* BehindTheSite.xcdatamodeld */ = {
			isa = XCVersionGroup;
			children = (
				9EE19F861A92E0EC008F7A18 /* BehindTheSite.xcdatamodel */,
			);
			currentVersion = 9EE19F861A92E0EC008F7A18 /* BehindTheSite.xcdatamodel */;
			path = BehindTheSite.xcdatamodeld;
			sourceTree = "<group>";
			versionGroupType = wrapper.xcdatamodel;
		};
/* End XCVersionGroup section */
	};
	rootObject = 9EE19F761A92E0EC008F7A18 /* Project object */;
}
